
Microsoft Visual Studio Solution File, Format Version 12.00
# Visual Studio Version 17
VisualStudioVersion = 17.4.33122.133
MinimumVisualStudioVersion = 10.0.40219.1
Project("{FAE04EC0-301F-11D3-BF4B-00C04F79EFBC}") = "ProjetoApiMin", "ProjetoApiMin\ProjetoApiMin.csproj", "{53728C12-E3ED-4334-9BFE-606337A5F4F5}"
EndProject
Global
	GlobalSection(SolutionConfigurationPlatforms) = preSolution
		Debug|Any CPU = Debug|Any CPU
		Release|Any CPU = Release|Any CPU
	EndGlobalSection
	GlobalSection(ProjectConfigurationPlatforms) = postSolution
		{53728C12-E3ED-4334-9BFE-606337A5F4F5}.Debug|Any CPU.ActiveCfg = Debug|Any CPU
		{53728C12-E3ED-4334-9BFE-606337A5F4F5}.Debug|Any CPU.Build.0 = Debug|Any CPU
		{53728C12-E3ED-4334-9BFE-606337A5F4F5}.Release|Any CPU.ActiveCfg = Release|Any CPU
		{53728C12-E3ED-4334-9BFE-606337A5F4F5}.Release|Any CPU.Build.0 = Release|Any CPU
	EndGlobalSection
	GlobalSection(SolutionProperties) = preSolution
		HideSolutionNode = FALSE
	EndGlobalSection
	GlobalSection(ExtensibilityGlobals) = postSolution
		SolutionGuid = {D77C5D6D-1BA8-47CE-9BAA-44ABB14252E2}
	EndGlobalSection
EndGlobal
